
Microsoft Visual Studio Solution File, Format Version 12.00
# Visual Studio 15
VisualStudioVersion = 15.0.27703.2026
MinimumVisualStudioVersion = 10.0.40219.1
Project("{FAE04EC0-301F-11D3-BF4B-00C04F79EFBC}") = "Image_Transformation", "Image_Transformation\Image_Transformation.csproj", "{BBE9536E-195C-476F-AE4F-1DBF7FAABF81}"
EndProject
Project("{FAE04EC0-301F-11D3-BF4B-00C04F79EFBC}") = "UnitTest", "UnitTest\UnitTest.csproj", "{377232C1-8566-4F56-9965-A7A10A296820}"
EndProject
Global
	GlobalSection(SolutionConfigurationPlatforms) = preSolution
		Debug|Any CPU = Debug|Any CPU
		Release|Any CPU = Release|Any CPU
	EndGlobalSection
	GlobalSection(ProjectConfigurationPlatforms) = postSolution
		{BBE9536E-195C-476F-AE4F-1DBF7FAABF81}.Debug|Any CPU.ActiveCfg = Debug|Any CPU
		{BBE9536E-195C-476F-AE4F-1DBF7FAABF81}.Debug|Any CPU.Build.0 = Debug|Any CPU
		{BBE9536E-195C-476F-AE4F-1DBF7FAABF81}.Release|Any CPU.ActiveCfg = Release|Any CPU
		{BBE9536E-195C-476F-AE4F-1DBF7FAABF81}.Release|Any CPU.Build.0 = Release|Any CPU
		{377232C1-8566-4F56-9965-A7A10A296820}.Debug|Any CPU.ActiveCfg = Debug|Any CPU
		{377232C1-8566-4F56-9965-A7A10A296820}.Debug|Any CPU.Build.0 = Debug|Any CPU
		{377232C1-8566-4F56-9965-A7A10A296820}.Release|Any CPU.ActiveCfg = Release|Any CPU
		{377232C1-8566-4F56-9965-A7A10A296820}.Release|Any CPU.Build.0 = Release|Any CPU
	EndGlobalSection
	GlobalSection(SolutionProperties) = preSolution
		HideSolutionNode = FALSE
	EndGlobalSection
	GlobalSection(ExtensibilityGlobals) = postSolution
		SolutionGuid = {F7A2EBD6-96B9-433A-9944-34FDA05B1FD9}
	EndGlobalSection
EndGlobal
